// !$*UTF8*$!
{
	archiveVersion = 1;
	classes = {
	};
	objectVersion = 46;
	objects = {

/* Begin PBXBuildFile section */
		16487FA01A86521100335BD9 /* main.m in Sources */ = {isa = PBXBuildFile; fileRef = 16487F9F1A86521100335BD9 /* main.m */; };
		16487FA31A86521100335BD9 /* JAAppDelegate.m in Sources */ = {isa = PBXBuildFile; fileRef = 16487FA21A86521100335BD9 /* JAAppDelegate.m */; };
		16487FA61A86521100335BD9 /* JAMainViewController.m in Sources */ = {isa = PBXBuildFile; fileRef = 16487FA51A86521100335BD9 /* JAMainViewController.m */; };
		16487FAB1A86521100335BD9 /* Images.xcassets in Resources */ = {isa = PBXBuildFile; fileRef = 16487FAA1A86521100335BD9 /* Images.xcassets */; };
		16487FBA1A86521200335BD9 /* Tap_It_Tests.m in Sources */ = {isa = PBXBuildFile; fileRef = 16487FB91A86521200335BD9 /* Tap_It_Tests.m */; };
		16A1EF631A8656620071D6C7 /* JATapGame.m in Sources */ = {isa = PBXBuildFile; fileRef = 16A1EF621A8656620071D6C7 /* JATapGame.m */; };
		16A1EF981A8693BA0071D6C7 /* JATileGridCollectionViewCell.m in Sources */ = {isa = PBXBuildFile; fileRef = 16A1EF971A8693BA0071D6C7 /* JATileGridCollectionViewCell.m */; };
		16A1EF9B1A870DA90071D6C7 /* JATile.m in Sources */ = {isa = PBXBuildFile; fileRef = 16A1EF9A1A870DA90071D6C7 /* JATile.m */; };
		16A1EFA41A87EA230071D6C7 /* UIColor+TapIt.m in Sources */ = {isa = PBXBuildFile; fileRef = 16A1EFA31A87EA230071D6C7 /* UIColor+TapIt.m */; };
/* End PBXBuildFile section */

/* Begin PBXContainerItemProxy section */
		16487FB41A86521200335BD9 /* PBXContainerItemProxy */ = {
			isa = PBXContainerItemProxy;
			containerPortal = 16487F921A86521100335BD9 /* Project object */;
			proxyType = 1;
			remoteGlobalIDString = 16487F991A86521100335BD9;
			remoteInfo = "Tap It!";
		};
/* End PBXContainerItemProxy section */

/* Begin PBXFileReference section */
		16487F9A1A86521100335BD9 /* Tap It!.app */ = {isa = PBXFileReference; explicitFileType = wrapper.application; includeInIndex = 0; path = "Tap It!.app"; sourceTree = BUILT_PRODUCTS_DIR; };
		16487F9E1A86521100335BD9 /* Info.plist */ = {isa = PBXFileReference; lastKnownFileType = text.plist.xml; path = Info.plist; sourceTree = "<group>"; };
		16487F9F1A86521100335BD9 /* main.m */ = {isa = PBXFileReference; lastKnownFileType = sourcecode.c.objc; path = main.m; sourceTree = "<group>"; };
		16487FA11A86521100335BD9 /* JAAppDelegate.h */ = {isa = PBXFileReference; lastKnownFileType = sourcecode.c.h; path = JAAppDelegate.h; sourceTree = "<group>"; };
		16487FA21A86521100335BD9 /* JAAppDelegate.m */ = {isa = PBXFileReference; lastKnownFileType = sourcecode.c.objc; path = JAAppDelegate.m; sourceTree = "<group>"; };
		16487FA41A86521100335BD9 /* JAMainViewController.h */ = {isa = PBXFileReference; lastKnownFileType = sourcecode.c.h; path = JAMainViewController.h; sourceTree = "<group>"; };
		16487FA51A86521100335BD9 /* JAMainViewController.m */ = {isa = PBXFileReference; lastKnownFileType = sourcecode.c.objc; path = JAMainViewController.m; sourceTree = "<group>"; };
		16487FAA1A86521100335BD9 /* Images.xcassets */ = {isa = PBXFileReference; lastKnownFileType = folder.assetcatalog; path = Images.xcassets; sourceTree = "<group>"; };
		16487FB31A86521200335BD9 /* Tap It!Tests.xctest */ = {isa = PBXFileReference; explicitFileType = wrapper.cfbundle; includeInIndex = 0; path = "Tap It!Tests.xctest"; sourceTree = BUILT_PRODUCTS_DIR; };
		16487FB81A86521200335BD9 /* Info.plist */ = {isa = PBXFileReference; lastKnownFileType = text.plist.xml; path = Info.plist; sourceTree = "<group>"; };
		16487FB91A86521200335BD9 /* Tap_It_Tests.m */ = {isa = PBXFileReference; lastKnownFileType = sourcecode.c.objc; path = Tap_It_Tests.m; sourceTree = "<group>"; };
		16A1EF611A8656620071D6C7 /* JATapGame.h */ = {isa = PBXFileReference; fileEncoding = 4; lastKnownFileType = sourcecode.c.h; path = JATapGame.h; sourceTree = "<group>"; };
		16A1EF621A8656620071D6C7 /* JATapGame.m */ = {isa = PBXFileReference; fileEncoding = 4; lastKnownFileType = sourcecode.c.objc; path = JATapGame.m; sourceTree = "<group>"; };
		16A1EF961A8693BA0071D6C7 /* JATileGridCollectionViewCell.h */ = {isa = PBXFileReference; fileEncoding = 4; lastKnownFileType = sourcecode.c.h; name = JATileGridCollectionViewCell.h; path = ../JATileGridCollectionViewCell.h; sourceTree = "<group>"; };
		16A1EF971A8693BA0071D6C7 /* JATileGridCollectionViewCell.m */ = {isa = PBXFileReference; fileEncoding = 4; lastKnownFileType = sourcecode.c.objc; name = JATileGridCollectionViewCell.m; path = ../JATileGridCollectionViewCell.m; sourceTree = "<group>"; };
		16A1EF991A870DA90071D6C7 /* JATile.h */ = {isa = PBXFileReference; fileEncoding = 4; lastKnownFileType = sourcecode.c.h; path = JATile.h; sourceTree = "<group>"; };
		16A1EF9A1A870DA90071D6C7 /* JATile.m */ = {isa = PBXFileReference; fileEncoding = 4; lastKnownFileType = sourcecode.c.objc; path = JATile.m; sourceTree = "<group>"; };
		16A1EFA21A87EA230071D6C7 /* UIColor+TapIt.h */ = {isa = PBXFileReference; fileEncoding = 4; lastKnownFileType = sourcecode.c.h; path = "UIColor+TapIt.h"; sourceTree = "<group>"; };
		16A1EFA31A87EA230071D6C7 /* UIColor+TapIt.m */ = {isa = PBXFileReference; fileEncoding = 4; lastKnownFileType = sourcecode.c.objc; path = "UIColor+TapIt.m"; sourceTree = "<group>"; };
/* End PBXFileReference section */

/* Begin PBXFrameworksBuildPhase section */
		16487F971A86521100335BD9 /* Frameworks */ = {
			isa = PBXFrameworksBuildPhase;
			buildActionMask = 2147483647;
			files = (
			);
			runOnlyForDeploymentPostprocessing = 0;
		};
		16487FB01A86521200335BD9 /* Frameworks */ = {
			isa = PBXFrameworksBuildPhase;
			buildActionMask = 2147483647;
			files = (
			);
			runOnlyForDeploymentPostprocessing = 0;
		};
/* End PBXFrameworksBuildPhase section */

/* Begin PBXGroup section */
		16487F911A86521100335BD9 = {
			isa = PBXGroup;
			children = (
				16487F9C1A86521100335BD9 /* Tap It! */,
				16487FB61A86521200335BD9 /* Tap It!Tests */,
				16487F9B1A86521100335BD9 /* Products */,
			);
			sourceTree = "<group>";
		};
		16487F9B1A86521100335BD9 /* Products */ = {
			isa = PBXGroup;
			children = (
				16487F9A1A86521100335BD9 /* Tap It!.app */,
				16487FB31A86521200335BD9 /* Tap It!Tests.xctest */,
			);
			name = Products;
			sourceTree = "<group>";
		};
		16487F9C1A86521100335BD9 /* Tap It! */ = {
			isa = PBXGroup;
			children = (
				16487FA11A86521100335BD9 /* JAAppDelegate.h */,
				16487FA21A86521100335BD9 /* JAAppDelegate.m */,
				16487FA41A86521100335BD9 /* JAMainViewController.h */,
				16487FA51A86521100335BD9 /* JAMainViewController.m */,
				16A1EF961A8693BA0071D6C7 /* JATileGridCollectionViewCell.h */,
				16A1EF971A8693BA0071D6C7 /* JATileGridCollectionViewCell.m */,
				16A1EF611A8656620071D6C7 /* JATapGame.h */,
				16A1EF621A8656620071D6C7 /* JATapGame.m */,
				16A1EF991A870DA90071D6C7 /* JATile.h */,
				16A1EF9A1A870DA90071D6C7 /* JATile.m */,
				16A1EFA21A87EA230071D6C7 /* UIColor+TapIt.h */,
				16A1EFA31A87EA230071D6C7 /* UIColor+TapIt.m */,
				16487FAA1A86521100335BD9 /* Images.xcassets */,
				16487F9D1A86521100335BD9 /* Supporting Files */,
			);
			path = "Tap It!";
			sourceTree = "<group>";
		};
		16487F9D1A86521100335BD9 /* Supporting Files */ = {
			isa = PBXGroup;
			children = (
				16487F9E1A86521100335BD9 /* Info.plist */,
				16487F9F1A86521100335BD9 /* main.m */,
			);
			name = "Supporting Files";
			sourceTree = "<group>";
		};
		16487FB61A86521200335BD9 /* Tap It!Tests */ = {
			isa = PBXGroup;
			children = (
				16487FB91A86521200335BD9 /* Tap_It_Tests.m */,
				16487FB71A86521200335BD9 /* Supporting Files */,
			);
			path = "Tap It!Tests";
			sourceTree = "<group>";
		};
		16487FB71A86521200335BD9 /* Supporting Files */ = {
			isa = PBXGroup;
			children = (
				16487FB81A86521200335BD9 /* Info.plist */,
			);
			name = "Supporting Files";
			sourceTree = "<group>";
		};
/* End PBXGroup section */

/* Begin PBXNativeTarget section */
		16487F991A86521100335BD9 /* Tap It! */ = {
			isa = PBXNativeTarget;
			buildConfigurationList = 16487FBD1A86521200335BD9 /* Build configuration list for PBXNativeTarget "Tap It!" */;
			buildPhases = (
				16487F961A86521100335BD9 /* Sources */,
				16487F971A86521100335BD9 /* Frameworks */,
				16487F981A86521100335BD9 /* Resources */,
			);
			buildRules = (
			);
			dependencies = (
			);
			name = "Tap It!";
			productName = "Tap It!";
			productReference = 16487F9A1A86521100335BD9 /* Tap It!.app */;
			productType = "com.apple.product-type.application";
		};
		16487FB21A86521200335BD9 /* Tap It!Tests */ = {
			isa = PBXNativeTarget;
			buildConfigurationList = 16487FC01A86521200335BD9 /* Build configuration list for PBXNativeTarget "Tap It!Tests" */;
			buildPhases = (
				16487FAF1A86521200335BD9 /* Sources */,
				16487FB01A86521200335BD9 /* Frameworks */,
				16487FB11A86521200335BD9 /* Resources */,
			);
			buildRules = (
			);
			dependencies = (
				16487FB51A86521200335BD9 /* PBXTargetDependency */,
			);
			name = "Tap It!Tests";
			productName = "Tap It!Tests";
			productReference = 16487FB31A86521200335BD9 /* Tap It!Tests.xctest */;
			productType = "com.apple.product-type.bundle.unit-test";
		};
/* End PBXNativeTarget section */

/* Begin PBXProject section */
		16487F921A86521100335BD9 /* Project object */ = {
			isa = PBXProject;
			attributes = {
				LastUpgradeCheck = 0610;
				ORGANIZATIONNAME = "Jacob Andersson";
				TargetAttributes = {
					16487F991A86521100335BD9 = {
						CreatedOnToolsVersion = 6.1.1;
						DevelopmentTeam = UK5BX53XR9;
					};
					16487FB21A86521200335BD9 = {
						CreatedOnToolsVersion = 6.1.1;
						TestTargetID = 16487F991A86521100335BD9;
					};
				};
			};
			buildConfigurationList = 16487F951A86521100335BD9 /* Build configuration list for PBXProject "Tap It!" */;
			compatibilityVersion = "Xcode 3.2";
			developmentRegion = English;
			hasScannedForEncodings = 0;
			knownRegions = (
				en,
				Base,
			);
			mainGroup = 16487F911A86521100335BD9;
			productRefGroup = 16487F9B1A86521100335BD9 /* Products */;
			projectDirPath = "";
			projectRoot = "";
			targets = (
				16487F991A86521100335BD9 /* Tap It! */,
				16487FB21A86521200335BD9 /* Tap It!Tests */,
			);
		};
/* End PBXProject section */

/* Begin PBXResourcesBuildPhase section */
		16487F981A86521100335BD9 /* Resources */ = {
			isa = PBXResourcesBuildPhase;
			buildActionMask = 2147483647;
			files = (
				16487FAB1A86521100335BD9 /* Images.xcassets in Resources */,
			);
			runOnlyForDeploymentPostprocessing = 0;
		};
		16487FB11A86521200335BD9 /* Resources */ = {
			isa = PBXResourcesBuildPhase;
			buildActionMask = 2147483647;
			files = (
			);
			runOnlyForDeploymentPostprocessing = 0;
		};
/* End PBXResourcesBuildPhase section */

/* Begin PBXSourcesBuildPhase section */
		16487F961A86521100335BD9 /* Sources */ = {
			isa = PBXSourcesBuildPhase;
			buildActionMask = 2147483647;
			files = (
				16A1EFA41A87EA230071D6C7 /* UIColor+TapIt.m in Sources */,
				16A1EF9B1A870DA90071D6C7 /* JATile.m in Sources */,
				16A1EF981A8693BA0071D6C7 /* JATileGridCollectionViewCell.m in Sources */,
				16A1EF631A8656620071D6C7 /* JATapGame.m in Sources */,
				16487FA61A86521100335BD9 /* JAMainViewController.m in Sources */,
				16487FA31A86521100335BD9 /* JAAppDelegate.m in Sources */,
				16487FA01A86521100335BD9 /* main.m in Sources */,
			);
			runOnlyForDeploymentPostprocessing = 0;
		};
		16487FAF1A86521200335BD9 /* Sources */ = {
			isa = PBXSourcesBuildPhase;
			buildActionMask = 2147483647;
			files = (
				16487FBA1A86521200335BD9 /* Tap_It_Tests.m in Sources */,
			);
			runOnlyForDeploymentPostprocessing = 0;
		};
/* End PBXSourcesBuildPhase section */

/* Begin PBXTargetDependency section */
		16487FB51A86521200335BD9 /* PBXTargetDependency */ = {
			isa = PBXTargetDependency;
			target = 16487F991A86521100335BD9 /* Tap It! */;
			targetProxy = 16487FB41A86521200335BD9 /* PBXContainerItemProxy */;
		};
/* End PBXTargetDependency section */

/* Begin XCBuildConfiguration section */
		16487FBB1A86521200335BD9 /* Debug */ = {
			isa = XCBuildConfiguration;
			buildSettings = {
				ALWAYS_SEARCH_USER_PATHS = NO;
				CLANG_CXX_LANGUAGE_STANDARD = "gnu++0x";
				CLANG_CXX_LIBRARY = "libc++";
				CLANG_ENABLE_MODULES = YES;
				CLANG_ENABLE_OBJC_ARC = YES;
				CLANG_WARN_BOOL_CONVERSION = YES;
				CLANG_WARN_CONSTANT_CONVERSION = YES;
				CLANG_WARN_DIRECT_OBJC_ISA_USAGE = YES_ERROR;
				CLANG_WARN_EMPTY_BODY = YES;
				CLANG_WARN_ENUM_CONVERSION = YES;
				CLANG_WARN_INT_CONVERSION = YES;
				CLANG_WARN_OBJC_ROOT_CLASS = YES_ERROR;
				CLANG_WARN_UNREACHABLE_CODE = YES;
				CLANG_WARN__DUPLICATE_METHOD_MATCH = YES;
				"CODE_SIGN_IDENTITY[sdk=iphoneos*]" = "iPhone Developer";
				COPY_PHASE_STRIP = NO;
				ENABLE_STRICT_OBJC_MSGSEND = YES;
				GCC_C_LANGUAGE_STANDARD = gnu99;
				GCC_DYNAMIC_NO_PIC = NO;
				GCC_OPTIMIZATION_LEVEL = 0;
				GCC_PREPROCESSOR_DEFINITIONS = (
					"DEBUG=1",
					"$(inherited)",
				);
				GCC_SYMBOLS_PRIVATE_EXTERN = NO;
				GCC_WARN_64_TO_32_BIT_CONVERSION = YES;
				GCC_WARN_ABOUT_RETURN_TYPE = YES_ERROR;
				GCC_WARN_UNDECLARED_SELECTOR = YES;
				GCC_WARN_UNINITIALIZED_AUTOS = YES_AGGRESSIVE;
				GCC_WARN_UNUSED_FUNCTION = YES;
				GCC_WARN_UNUSED_VARIABLE = YES;
				IPHONEOS_DEPLOYMENT_TARGET = 8.1;
				MTL_ENABLE_DEBUG_INFO = YES;
				ONLY_ACTIVE_ARCH = YES;
				SDKROOT = iphoneos;
				TARGETED_DEVICE_FAMILY = "1,2";
			};
			name = Debug;
		};
		16487FBC1A86521200335BD9 /* Release */ = {
			isa = XCBuildConfiguration;
			buildSettings = {
				ALWAYS_SEARCH_USER_PATHS = NO;
				CLANG_CXX_LANGUAGE_STANDARD = "gnu++0x";
				CLANG_CXX_LIBRARY = "libc++";
				CLANG_ENABLE_MODULES = YES;
				CLANG_ENABLE_OBJC_ARC = YES;
				CLANG_WARN_BOOL_CONVERSION = YES;
				CLANG_WARN_CONSTANT_CONVERSION = YES;
				CLANG_WARN_DIRECT_OBJC_ISA_USAGE = YES_ERROR;
				CLANG_WARN_EMPTY_BODY = YES;
				CLANG_WARN_ENUM_CONVERSION = YES;
				CLANG_WARN_INT_CONVERSION = YES;
				CLANG_WARN_OBJC_ROOT_CLASS = YES_ERROR;
				CLANG_WARN_UNREACHABLE_CODE = YES;
				CLANG_WARN__DUPLICATE_METHOD_MATCH = YES;
				"CODE_SIGN_IDENTITY[sdk=iphoneos*]" = "iPhone Developer";
				COPY_PHASE_STRIP = YES;
				ENABLE_NS_ASSERTIONS = NO;
				ENABLE_STRICT_OBJC_MSGSEND = YES;
				GCC_C_LANGUAGE_STANDARD = gnu99;
				GCC_WARN_64_TO_32_BIT_CONVERSION = YES;
				GCC_WARN_ABOUT_RETURN_TYPE = YES_ERROR;
				GCC_WARN_UNDECLARED_SELECTOR = YES;
				GCC_WARN_UNINITIALIZED_AUTOS = YES_AGGRESSIVE;
				GCC_WARN_UNUSED_FUNCTION = YES;
				GCC_WARN_UNUSED_VARIABLE = YES;
				IPHONEOS_DEPLOYMENT_TARGET = 8.1;
				MTL_ENABLE_DEBUG_INFO = NO;
				SDKROOT = iphoneos;
				TARGETED_DEVICE_FAMILY = "1,2";
				VALIDATE_PRODUCT = YES;
			};
			name = Release;
		};
		16487FBE1A86521200335BD9 /* Debug */ = {
			isa = XCBuildConfiguration;
			buildSettings = {
				ASSETCATALOG_COMPILER_APPICON_NAME = AppIcon;
				CODE_SIGN_IDENTITY = "iPhone Developer";
				INFOPLIST_FILE = "Tap It!/Info.plist";
				IPHONEOS_DEPLOYMENT_TARGET = 8.1;
				LD_RUNPATH_SEARCH_PATHS = "$(inherited) @executable_path/Frameworks";
				PRODUCT_NAME = "$(TARGET_NAME)";
			};
			name = Debug;
		};
		16487FBF1A86521200335BD9 /* Release */ = {
			isa = XCBuildConfiguration;
			buildSettings = {
				ASSETCATALOG_COMPILER_APPICON_NAME = AppIcon;
				CODE_SIGN_IDENTITY = "iPhone Developer";
				INFOPLIST_FILE = "Tap It!/Info.plist";
				IPHONEOS_DEPLOYMENT_TARGET = 8.1;
				LD_RUNPATH_SEARCH_PATHS = "$(inherited) @executable_path/Frameworks";
				PRODUCT_NAME = "$(TARGET_NAME)";
			};
			name = Release;
		};
		16487FC11A86521200335BD9 /* Debug */ = {
			isa = XCBuildConfiguration;
			buildSettings = {
				BUNDLE_LOADER = "$(TEST_HOST)";
				FRAMEWORK_SEARCH_PATHS = (
					"$(SDKROOT)/Developer/Library/Frameworks",
					"$(inherited)",
				);
				GCC_PREPROCESSOR_DEFINITIONS = (
					"DEBUG=1",
					"$(inherited)",
				);
				INFOPLIST_FILE = "Tap It!Tests/Info.plist";
				LD_RUNPATH_SEARCH_PATHS = "$(inherited) @executable_path/Frameworks @loader_path/Frameworks";
				PRODUCT_NAME = "$(TARGET_NAME)";
				TEST_HOST = "$(BUILT_PRODUCTS_DIR)/Tap It!.app/Tap It!";
			};
			name = Debug;
		};
		16487FC21A86521200335BD9 /* Release */ = {
			isa = XCBuildConfiguration;
			buildSettings = {
				BUNDLE_LOADER = "$(TEST_HOST)";
				FRAMEWORK_SEARCH_PATHS = (
					"$(SDKROOT)/Developer/Library/Frameworks",
					"$(inherited)",
				);
				INFOPLIST_FILE = "Tap It!Tests/Info.plist";
				LD_RUNPATH_SEARCH_PATHS = "$(inherited) @executable_path/Frameworks @loader_path/Frameworks";
				PRODUCT_NAME = "$(TARGET_NAME)";
				TEST_HOST = "$(BUILT_PRODUCTS_DIR)/Tap It!.app/Tap It!";
			};
			name = Release;
		};
/* End XCBuildConfiguration section */

/* Begin XCConfigurationList section */
		16487F951A86521100335BD9 /* Build configuration list for PBXProject "Tap It!" */ = {
			isa = XCConfigurationList;
			buildConfigurations = (
				16487FBB1A86521200335BD9 /* Debug */,
				16487FBC1A86521200335BD9 /* Release */,
			);
			defaultConfigurationIsVisible = 0;
			defaultConfigurationName = Release;
		};
		16487FBD1A86521200335BD9 /* Build configuration list for PBXNativeTarget "Tap It!" */ = {
			isa = XCConfigurationList;
			buildConfigurations = (
				16487FBE1A86521200335BD9 /* Debug */,
				16487FBF1A86521200335BD9 /* Release */,
			);
			defaultConfigurationIsVisible = 0;
			defaultConfigurationName = Release;
		};
		16487FC01A86521200335BD9 /* Build configuration list for PBXNativeTarget "Tap It!Tests" */ = {
			isa = XCConfigurationList;
			buildConfigurations = (
				16487FC11A86521200335BD9 /* Debug */,
				16487FC21A86521200335BD9 /* Release */,
			);
			defaultConfigurationIsVisible = 0;
			defaultConfigurationName = Release;
		};
/* End XCConfigurationList section */
	};
	rootObject = 16487F921A86521100335BD9 /* Project object */;
}
